
Microsoft Visual Studio Solution File, Format Version 12.00
# Visual Studio Version 16
VisualStudioVersion = 16.0.31729.503
MinimumVisualStudioVersion = 10.0.40219.1
Project("{FAE04EC0-301F-11D3-BF4B-00C04F79EFBC}") = "proj18Aula3", "proj18Aula3\proj18Aula3.csproj", "{8C0B5E16-6156-42A1-8EF8-64820659BF41}"
EndProject
Global
	GlobalSection(SolutionConfigurationPlatforms) = preSolution
		Debug|Any CPU = Debug|Any CPU
		Release|Any CPU = Release|Any CPU
	EndGlobalSection
	GlobalSection(ProjectConfigurationPlatforms) = postSolution
		{8C0B5E16-6156-42A1-8EF8-64820659BF41}.Debug|Any CPU.ActiveCfg = Debug|Any CPU
		{8C0B5E16-6156-42A1-8EF8-64820659BF41}.Debug|Any CPU.Build.0 = Debug|Any CPU
		{8C0B5E16-6156-42A1-8EF8-64820659BF41}.Release|Any CPU.ActiveCfg = Release|Any CPU
		{8C0B5E16-6156-42A1-8EF8-64820659BF41}.Release|Any CPU.Build.0 = Release|Any CPU
	EndGlobalSection
	GlobalSection(SolutionProperties) = preSolution
		HideSolutionNode = FALSE
	EndGlobalSection
	GlobalSection(ExtensibilityGlobals) = postSolution
		SolutionGuid = {D594AEFB-40C7-4A0F-83C7-8A0016D3DA19}
	EndGlobalSection
EndGlobal
