
Microsoft Visual Studio Solution File, Format Version 12.00
# Visual Studio Version 16
VisualStudioVersion = 16.0.31729.503
MinimumVisualStudioVersion = 10.0.40219.1
Project("{FAE04EC0-301F-11D3-BF4B-00C04F79EFBC}") = "proj13Aula2", "proj13Aula2\proj13Aula2.csproj", "{2EB8443D-3245-4D70-8891-5B64AA1CEAAD}"
EndProject
Global
	GlobalSection(SolutionConfigurationPlatforms) = preSolution
		Debug|Any CPU = Debug|Any CPU
		Release|Any CPU = Release|Any CPU
	EndGlobalSection
	GlobalSection(ProjectConfigurationPlatforms) = postSolution
		{2EB8443D-3245-4D70-8891-5B64AA1CEAAD}.Debug|Any CPU.ActiveCfg = Debug|Any CPU
		{2EB8443D-3245-4D70-8891-5B64AA1CEAAD}.Debug|Any CPU.Build.0 = Debug|Any CPU
		{2EB8443D-3245-4D70-8891-5B64AA1CEAAD}.Release|Any CPU.ActiveCfg = Release|Any CPU
		{2EB8443D-3245-4D70-8891-5B64AA1CEAAD}.Release|Any CPU.Build.0 = Release|Any CPU
	EndGlobalSection
	GlobalSection(SolutionProperties) = preSolution
		HideSolutionNode = FALSE
	EndGlobalSection
	GlobalSection(ExtensibilityGlobals) = postSolution
		SolutionGuid = {4E75D408-FD22-4A71-9F84-F46D6A1AD7AA}
	EndGlobalSection
EndGlobal
