
Microsoft Visual Studio Solution File, Format Version 12.00
# Visual Studio Version 16
VisualStudioVersion = 16.0.31729.503
MinimumVisualStudioVersion = 10.0.40219.1
Project("{FAE04EC0-301F-11D3-BF4B-00C04F79EFBC}") = "proj1Aula4", "proj1Aula4\proj1Aula4.csproj", "{E55AC0F2-8C76-4F0F-A5B7-21E039C64075}"
EndProject
Global
	GlobalSection(SolutionConfigurationPlatforms) = preSolution
		Debug|Any CPU = Debug|Any CPU
		Release|Any CPU = Release|Any CPU
	EndGlobalSection
	GlobalSection(ProjectConfigurationPlatforms) = postSolution
		{E55AC0F2-8C76-4F0F-A5B7-21E039C64075}.Debug|Any CPU.ActiveCfg = Debug|Any CPU
		{E55AC0F2-8C76-4F0F-A5B7-21E039C64075}.Debug|Any CPU.Build.0 = Debug|Any CPU
		{E55AC0F2-8C76-4F0F-A5B7-21E039C64075}.Release|Any CPU.ActiveCfg = Release|Any CPU
		{E55AC0F2-8C76-4F0F-A5B7-21E039C64075}.Release|Any CPU.Build.0 = Release|Any CPU
	EndGlobalSection
	GlobalSection(SolutionProperties) = preSolution
		HideSolutionNode = FALSE
	EndGlobalSection
	GlobalSection(ExtensibilityGlobals) = postSolution
		SolutionGuid = {A83EDE18-235E-4657-8E22-58E5A8656297}
	EndGlobalSection
EndGlobal
