
Microsoft Visual Studio Solution File, Format Version 12.00
# Visual Studio Version 16
VisualStudioVersion = 16.0.31729.503
MinimumVisualStudioVersion = 10.0.40219.1
Project("{FAE04EC0-301F-11D3-BF4B-00C04F79EFBC}") = "proj9Aula3", "proj9Aula3\proj9Aula3.csproj", "{C6E2657F-5C29-4EBD-9741-131D74E586BA}"
EndProject
Global
	GlobalSection(SolutionConfigurationPlatforms) = preSolution
		Debug|Any CPU = Debug|Any CPU
		Release|Any CPU = Release|Any CPU
	EndGlobalSection
	GlobalSection(ProjectConfigurationPlatforms) = postSolution
		{C6E2657F-5C29-4EBD-9741-131D74E586BA}.Debug|Any CPU.ActiveCfg = Debug|Any CPU
		{C6E2657F-5C29-4EBD-9741-131D74E586BA}.Debug|Any CPU.Build.0 = Debug|Any CPU
		{C6E2657F-5C29-4EBD-9741-131D74E586BA}.Release|Any CPU.ActiveCfg = Release|Any CPU
		{C6E2657F-5C29-4EBD-9741-131D74E586BA}.Release|Any CPU.Build.0 = Release|Any CPU
	EndGlobalSection
	GlobalSection(SolutionProperties) = preSolution
		HideSolutionNode = FALSE
	EndGlobalSection
	GlobalSection(ExtensibilityGlobals) = postSolution
		SolutionGuid = {BDA7A0EF-828D-4F83-84D0-19F3AFEEB034}
	EndGlobalSection
EndGlobal
