
Microsoft Visual Studio Solution File, Format Version 12.00
# Visual Studio Version 16
VisualStudioVersion = 16.0.31729.503
MinimumVisualStudioVersion = 10.0.40219.1
Project("{FAE04EC0-301F-11D3-BF4B-00C04F79EFBC}") = "proj10Aula2", "proj10Aula2\proj10Aula2.csproj", "{BD860E4F-45C9-49DF-B02A-4AF7CBDAA695}"
EndProject
Global
	GlobalSection(SolutionConfigurationPlatforms) = preSolution
		Debug|Any CPU = Debug|Any CPU
		Release|Any CPU = Release|Any CPU
	EndGlobalSection
	GlobalSection(ProjectConfigurationPlatforms) = postSolution
		{BD860E4F-45C9-49DF-B02A-4AF7CBDAA695}.Debug|Any CPU.ActiveCfg = Debug|Any CPU
		{BD860E4F-45C9-49DF-B02A-4AF7CBDAA695}.Debug|Any CPU.Build.0 = Debug|Any CPU
		{BD860E4F-45C9-49DF-B02A-4AF7CBDAA695}.Release|Any CPU.ActiveCfg = Release|Any CPU
		{BD860E4F-45C9-49DF-B02A-4AF7CBDAA695}.Release|Any CPU.Build.0 = Release|Any CPU
	EndGlobalSection
	GlobalSection(SolutionProperties) = preSolution
		HideSolutionNode = FALSE
	EndGlobalSection
	GlobalSection(ExtensibilityGlobals) = postSolution
		SolutionGuid = {83C9B711-45CE-4416-B41D-36689909C8ED}
	EndGlobalSection
EndGlobal
