
Microsoft Visual Studio Solution File, Format Version 12.00
# Visual Studio Version 16
VisualStudioVersion = 16.0.31729.503
MinimumVisualStudioVersion = 10.0.40219.1
Project("{FAE04EC0-301F-11D3-BF4B-00C04F79EFBC}") = "proj9Aula4", "proj9Aula4\proj9Aula4.csproj", "{C346D6BF-1F1F-42F3-BCDB-55E336C7CC79}"
EndProject
Global
	GlobalSection(SolutionConfigurationPlatforms) = preSolution
		Debug|Any CPU = Debug|Any CPU
		Release|Any CPU = Release|Any CPU
	EndGlobalSection
	GlobalSection(ProjectConfigurationPlatforms) = postSolution
		{C346D6BF-1F1F-42F3-BCDB-55E336C7CC79}.Debug|Any CPU.ActiveCfg = Debug|Any CPU
		{C346D6BF-1F1F-42F3-BCDB-55E336C7CC79}.Debug|Any CPU.Build.0 = Debug|Any CPU
		{C346D6BF-1F1F-42F3-BCDB-55E336C7CC79}.Release|Any CPU.ActiveCfg = Release|Any CPU
		{C346D6BF-1F1F-42F3-BCDB-55E336C7CC79}.Release|Any CPU.Build.0 = Release|Any CPU
	EndGlobalSection
	GlobalSection(SolutionProperties) = preSolution
		HideSolutionNode = FALSE
	EndGlobalSection
	GlobalSection(ExtensibilityGlobals) = postSolution
		SolutionGuid = {5E63B503-9FD8-4785-92FF-CB378235A972}
	EndGlobalSection
EndGlobal
