
Microsoft Visual Studio Solution File, Format Version 12.00
# Visual Studio Version 16
VisualStudioVersion = 16.0.31729.503
MinimumVisualStudioVersion = 10.0.40219.1
Project("{FAE04EC0-301F-11D3-BF4B-00C04F79EFBC}") = "proj5Aula4", "proj5Aula4\proj5Aula4.csproj", "{6CDFFA90-7E95-460C-B491-A1EC2711AD51}"
EndProject
Global
	GlobalSection(SolutionConfigurationPlatforms) = preSolution
		Debug|Any CPU = Debug|Any CPU
		Release|Any CPU = Release|Any CPU
	EndGlobalSection
	GlobalSection(ProjectConfigurationPlatforms) = postSolution
		{6CDFFA90-7E95-460C-B491-A1EC2711AD51}.Debug|Any CPU.ActiveCfg = Debug|Any CPU
		{6CDFFA90-7E95-460C-B491-A1EC2711AD51}.Debug|Any CPU.Build.0 = Debug|Any CPU
		{6CDFFA90-7E95-460C-B491-A1EC2711AD51}.Release|Any CPU.ActiveCfg = Release|Any CPU
		{6CDFFA90-7E95-460C-B491-A1EC2711AD51}.Release|Any CPU.Build.0 = Release|Any CPU
	EndGlobalSection
	GlobalSection(SolutionProperties) = preSolution
		HideSolutionNode = FALSE
	EndGlobalSection
	GlobalSection(ExtensibilityGlobals) = postSolution
		SolutionGuid = {67A1E70D-3D08-4DE9-B782-BA359EFA9930}
	EndGlobalSection
EndGlobal
