
Microsoft Visual Studio Solution File, Format Version 12.00
# Visual Studio Version 16
VisualStudioVersion = 16.0.31729.503
MinimumVisualStudioVersion = 10.0.40219.1
Project("{FAE04EC0-301F-11D3-BF4B-00C04F79EFBC}") = "proj3Aula4", "proj3Aula4\proj3Aula4.csproj", "{1034196C-C46A-48C3-BFFE-65E4203DDDA7}"
EndProject
Global
	GlobalSection(SolutionConfigurationPlatforms) = preSolution
		Debug|Any CPU = Debug|Any CPU
		Release|Any CPU = Release|Any CPU
	EndGlobalSection
	GlobalSection(ProjectConfigurationPlatforms) = postSolution
		{1034196C-C46A-48C3-BFFE-65E4203DDDA7}.Debug|Any CPU.ActiveCfg = Debug|Any CPU
		{1034196C-C46A-48C3-BFFE-65E4203DDDA7}.Debug|Any CPU.Build.0 = Debug|Any CPU
		{1034196C-C46A-48C3-BFFE-65E4203DDDA7}.Release|Any CPU.ActiveCfg = Release|Any CPU
		{1034196C-C46A-48C3-BFFE-65E4203DDDA7}.Release|Any CPU.Build.0 = Release|Any CPU
	EndGlobalSection
	GlobalSection(SolutionProperties) = preSolution
		HideSolutionNode = FALSE
	EndGlobalSection
	GlobalSection(ExtensibilityGlobals) = postSolution
		SolutionGuid = {D211FE8B-9920-42EB-9B0D-57D901A4B460}
	EndGlobalSection
EndGlobal
