
Microsoft Visual Studio Solution File, Format Version 12.00
# Visual Studio Version 16
VisualStudioVersion = 16.0.31729.503
MinimumVisualStudioVersion = 10.0.40219.1
Project("{FAE04EC0-301F-11D3-BF4B-00C04F79EFBC}") = "proj5Aula5", "proj5Aula5\proj5Aula5.csproj", "{57DAB843-10FA-40B7-9316-0EB5DF8C86A7}"
EndProject
Global
	GlobalSection(SolutionConfigurationPlatforms) = preSolution
		Debug|Any CPU = Debug|Any CPU
		Release|Any CPU = Release|Any CPU
	EndGlobalSection
	GlobalSection(ProjectConfigurationPlatforms) = postSolution
		{57DAB843-10FA-40B7-9316-0EB5DF8C86A7}.Debug|Any CPU.ActiveCfg = Debug|Any CPU
		{57DAB843-10FA-40B7-9316-0EB5DF8C86A7}.Debug|Any CPU.Build.0 = Debug|Any CPU
		{57DAB843-10FA-40B7-9316-0EB5DF8C86A7}.Release|Any CPU.ActiveCfg = Release|Any CPU
		{57DAB843-10FA-40B7-9316-0EB5DF8C86A7}.Release|Any CPU.Build.0 = Release|Any CPU
	EndGlobalSection
	GlobalSection(SolutionProperties) = preSolution
		HideSolutionNode = FALSE
	EndGlobalSection
	GlobalSection(ExtensibilityGlobals) = postSolution
		SolutionGuid = {06061551-FCBF-4745-B874-30114176461C}
	EndGlobalSection
EndGlobal
