
Microsoft Visual Studio Solution File, Format Version 12.00
# Visual Studio Version 16
VisualStudioVersion = 16.0.31729.503
MinimumVisualStudioVersion = 10.0.40219.1
Project("{FAE04EC0-301F-11D3-BF4B-00C04F79EFBC}") = "proj2Aula5", "proj2Aula5\proj2Aula5.csproj", "{5B8ED94F-1AEF-48B0-B8A5-47B4F03052BD}"
EndProject
Global
	GlobalSection(SolutionConfigurationPlatforms) = preSolution
		Debug|Any CPU = Debug|Any CPU
		Release|Any CPU = Release|Any CPU
	EndGlobalSection
	GlobalSection(ProjectConfigurationPlatforms) = postSolution
		{5B8ED94F-1AEF-48B0-B8A5-47B4F03052BD}.Debug|Any CPU.ActiveCfg = Debug|Any CPU
		{5B8ED94F-1AEF-48B0-B8A5-47B4F03052BD}.Debug|Any CPU.Build.0 = Debug|Any CPU
		{5B8ED94F-1AEF-48B0-B8A5-47B4F03052BD}.Release|Any CPU.ActiveCfg = Release|Any CPU
		{5B8ED94F-1AEF-48B0-B8A5-47B4F03052BD}.Release|Any CPU.Build.0 = Release|Any CPU
	EndGlobalSection
	GlobalSection(SolutionProperties) = preSolution
		HideSolutionNode = FALSE
	EndGlobalSection
	GlobalSection(ExtensibilityGlobals) = postSolution
		SolutionGuid = {D88A1602-524D-4FEC-AD89-8DA1EC2943C9}
	EndGlobalSection
EndGlobal
