
Microsoft Visual Studio Solution File, Format Version 12.00
# Visual Studio Version 16
VisualStudioVersion = 16.0.31729.503
MinimumVisualStudioVersion = 10.0.40219.1
Project("{FAE04EC0-301F-11D3-BF4B-00C04F79EFBC}") = "proj11Aula3", "proj11Aula3\proj11Aula3.csproj", "{2FEB2DBA-79DB-4124-9FB8-68AB770C12AF}"
EndProject
Global
	GlobalSection(SolutionConfigurationPlatforms) = preSolution
		Debug|Any CPU = Debug|Any CPU
		Release|Any CPU = Release|Any CPU
	EndGlobalSection
	GlobalSection(ProjectConfigurationPlatforms) = postSolution
		{2FEB2DBA-79DB-4124-9FB8-68AB770C12AF}.Debug|Any CPU.ActiveCfg = Debug|Any CPU
		{2FEB2DBA-79DB-4124-9FB8-68AB770C12AF}.Debug|Any CPU.Build.0 = Debug|Any CPU
		{2FEB2DBA-79DB-4124-9FB8-68AB770C12AF}.Release|Any CPU.ActiveCfg = Release|Any CPU
		{2FEB2DBA-79DB-4124-9FB8-68AB770C12AF}.Release|Any CPU.Build.0 = Release|Any CPU
	EndGlobalSection
	GlobalSection(SolutionProperties) = preSolution
		HideSolutionNode = FALSE
	EndGlobalSection
	GlobalSection(ExtensibilityGlobals) = postSolution
		SolutionGuid = {B458E5B4-F02C-4758-9887-D4C78E31F515}
	EndGlobalSection
EndGlobal
