
Microsoft Visual Studio Solution File, Format Version 12.00
# Visual Studio Version 16
VisualStudioVersion = 16.0.31729.503
MinimumVisualStudioVersion = 10.0.40219.1
Project("{FAE04EC0-301F-11D3-BF4B-00C04F79EFBC}") = "proj19Aula3", "proj19Aula3\proj19Aula3.csproj", "{A01D79B1-C89F-432F-A8D8-40EEF640C4BC}"
EndProject
Global
	GlobalSection(SolutionConfigurationPlatforms) = preSolution
		Debug|Any CPU = Debug|Any CPU
		Release|Any CPU = Release|Any CPU
	EndGlobalSection
	GlobalSection(ProjectConfigurationPlatforms) = postSolution
		{A01D79B1-C89F-432F-A8D8-40EEF640C4BC}.Debug|Any CPU.ActiveCfg = Debug|Any CPU
		{A01D79B1-C89F-432F-A8D8-40EEF640C4BC}.Debug|Any CPU.Build.0 = Debug|Any CPU
		{A01D79B1-C89F-432F-A8D8-40EEF640C4BC}.Release|Any CPU.ActiveCfg = Release|Any CPU
		{A01D79B1-C89F-432F-A8D8-40EEF640C4BC}.Release|Any CPU.Build.0 = Release|Any CPU
	EndGlobalSection
	GlobalSection(SolutionProperties) = preSolution
		HideSolutionNode = FALSE
	EndGlobalSection
	GlobalSection(ExtensibilityGlobals) = postSolution
		SolutionGuid = {C0CC2A01-ADC9-45D9-837E-2976FEF36EAD}
	EndGlobalSection
EndGlobal
