
Microsoft Visual Studio Solution File, Format Version 12.00
# Visual Studio Version 16
VisualStudioVersion = 16.0.31729.503
MinimumVisualStudioVersion = 10.0.40219.1
Project("{FAE04EC0-301F-11D3-BF4B-00C04F79EFBC}") = "proj1Aula5", "proj1Aula5\proj1Aula5.csproj", "{CA972AA4-985A-46A8-B4AD-89D7DE3FB071}"
EndProject
Global
	GlobalSection(SolutionConfigurationPlatforms) = preSolution
		Debug|Any CPU = Debug|Any CPU
		Release|Any CPU = Release|Any CPU
	EndGlobalSection
	GlobalSection(ProjectConfigurationPlatforms) = postSolution
		{CA972AA4-985A-46A8-B4AD-89D7DE3FB071}.Debug|Any CPU.ActiveCfg = Debug|Any CPU
		{CA972AA4-985A-46A8-B4AD-89D7DE3FB071}.Debug|Any CPU.Build.0 = Debug|Any CPU
		{CA972AA4-985A-46A8-B4AD-89D7DE3FB071}.Release|Any CPU.ActiveCfg = Release|Any CPU
		{CA972AA4-985A-46A8-B4AD-89D7DE3FB071}.Release|Any CPU.Build.0 = Release|Any CPU
	EndGlobalSection
	GlobalSection(SolutionProperties) = preSolution
		HideSolutionNode = FALSE
	EndGlobalSection
	GlobalSection(ExtensibilityGlobals) = postSolution
		SolutionGuid = {A0D2007F-C009-4785-81C2-65868A8CF2C5}
	EndGlobalSection
EndGlobal
